schema: '2.0'
stages:
  data_ingestion:
    cmd: python ./src/data/data_ingestion.py
    deps:
    - path: ./src/data/data_ingestion.py
      hash: md5
      md5: 80dd3ebe9993387b099ed4b6f755cb3a
      size: 3514
  extract_features:
    cmd: python ./src/features/extract_features.py
    deps:
    - path: ./src/features/extract_features.py
      hash: md5
      md5: 7b346e0811ce5903cafc9f86dd4e2a03
      size: 4691
    params:
      params.yaml:
        extract_features.ewma.alpha: 0.4
        extract_features.mini_batch_kmeans.n_clusters: 30
        extract_features.mini_batch_kmeans.n_init: 10
        extract_features.mini_batch_kmeans.random_state: 42
    outs:
    - path: ./data/processed/resampled_data.csv
      hash: md5
      md5: 01afb46fca985dadc7a866eae5f5abed
      size: 8218223
    - path: ./models/mb_kmeans.joblib
      hash: md5
      md5: 9014c5da2ec73604a512a142310253ab
      size: 143771
    - path: ./models/scaler.joblib
      hash: md5
      md5: b018f036d9481c012637214736b80c05
      size: 999
  feature_processing:
    cmd: python ./src/features/feature_processing.py
    deps:
    - path: ./data/processed/resampled_data.csv
      hash: md5
      md5: 01afb46fca985dadc7a866eae5f5abed
      size: 8218223
    - path: ./src/features/feature_processing.py
      hash: md5
      md5: bb7e9a7f324d3fc07adc3b1ee1b69c0f
      size: 2467
    outs:
    - path: ./data/processed/test.csv
      hash: md5
      md5: 28300d320298b1bd5c3501106264692e
      size: 4900393
    - path: ./data/processed/train.csv
      hash: md5
      md5: 9d8fc42cfb0eb631972952dcf06e9485
      size: 9436607
  train:
    cmd: python ./src/models/train.py
    deps:
    - path: ./data/processed/train.csv
      hash: md5
      md5: 9d8fc42cfb0eb631972952dcf06e9485
      size: 9436607
    - path: ./src/models/train.py
      hash: md5
      md5: 3e0ab66e3b0b5808ae51e4ef7b97731b
      size: 2239
    outs:
    - path: ./models/encoder.joblib
      hash: md5
      md5: 968b7aec9335d7dc07aac6ba89841a22
      size: 3493
    - path: ./models/model.joblib
      hash: md5
      md5: 9b1c0f79bf9c3ebc73a6c104f873a62a
      size: 2345
  evaluate:
    cmd: python ./src/models/evaluate.py
    deps:
    - path: ./data/processed/test.csv
      hash: md5
      md5: 28300d320298b1bd5c3501106264692e
      size: 4900393
    - path: ./data/processed/train.csv
      hash: md5
      md5: 9d8fc42cfb0eb631972952dcf06e9485
      size: 9436607
    - path: ./models/encoder.joblib
      hash: md5
      md5: 968b7aec9335d7dc07aac6ba89841a22
      size: 3493
    - path: ./models/model.joblib
      hash: md5
      md5: 9b1c0f79bf9c3ebc73a6c104f873a62a
      size: 2345
    - path: ./src/models/evaluate.py
      hash: md5
      md5: f41817ccec858ced26bc12b56cd3310c
      size: 4261
    outs:
    - path: ./run_information.json
      hash: md5
      md5: b71a584cbeff81e2d6cafbb851866ce0
      size: 171
  register_model:
    cmd: python ./src/models/register_model.py
    deps:
    - path: ./run_information.json
      hash: md5
      md5: b71a584cbeff81e2d6cafbb851866ce0
      size: 171
    - path: ./src/models/register_model.py
      hash: md5
      md5: 3f0415412ecdbb60ee6219851bb6954d
      size: 2425
